# THIS IS AN AUTOGENERATED FILE. DO NOT EDIT THIS FILE DIRECTLY.
# yarn lockfile v1


react-dom@19.3.0:
  version "19.3.0"
  resolved "https://registry.yarnpkg.com/react-dom/-/react-dom-19.3.0.tgz#a0ff19161d7f4e9be5469a07278b0c06e00f9001"
  integrity sha512-JDk8dgif51OjFoDE70+OT9ICyYr+69HlmihNwp1+Nsfbna3t5sIiCa9ZJktDmQ4/1b/rn26hIAR2uYXDMr5r0Q==
  dependencies:
    scheduler "^0.28.0"

react@19.3.0:
  version "19.3.0"
  resolved "https://registry.yarnpkg.com/react/-/react-19.3.0.tgz#e20aa3a14687075ce863351b5878b0608c3fbfb2"
  integrity sha512-E8LUcbtBWt20bbl2YoHfx4ZDBdxVTfOKtCZn9cDSJ4l6/nuoApcpIBcj47t2wZoVX8g2ZHuMHbiShgCR1T5Sog==

scheduler@^0.28.0:
  version "0.28.0"
  resolved "https://registry.yarnpkg.com/scheduler/-/scheduler-0.28.0.tgz#03d3ca348aeaf8b7502f64468f217b27523f9695"
  integrity sha512-juorfCmIkIw8tT+p5BXSm6PJjQF/ycEYmKyzURCIt/RaZIhL+PulbQ9Yu2z1HdOJDdqDTlxA1+xKBmHXJsczAw==
